# THIS IS AN AUTOGENERATED FILE. DO NOT EDIT THIS FILE DIRECTLY.
# yarn lockfile v1


csv-generate@^4.2.4:
  version "4.2.4"
  resolved "https://registry.yarnpkg.com/csv-generate/-/csv-generate-4.2.4.tgz#42cbe6b4e32fe59531fc1b57f07b5ab509e101d3"
  integrity sha512-PvEwuRksnW30I1DlZnVuCVMOiff7ZoUXOCMQJ1c0DPKXQkIC87hWvqJ4ztO70ceQMQER1hp/Lajo8KIy7at1PA==

csv-parse@^5.3.8:
  version "5.3.8"
  resolved "https://registry.yarnpkg.com/csv-parse/-/csv-parse-5.3.8.tgz#c9919fbc5670fddec09a4b40e25365a2d11956d1"
  integrity sha512-ird8lzMv9I64oqIVIHdaTbT7Yr55n2C/Nv6m1LxO7nddLEeI67468VQ9Ik+r6lwYbK9kTE1oSqAVcVKc/Uqx6g==

date-fns@^2.29.3:
  version "2.29.3"
  resolved "https://registry.yarnpkg.com/date-fns/-/date-fns-2.29.3.tgz#27402d2fc67eb442b511b70bbdf98e6411cd68a8"
  integrity sha512-dDCnyH2WnnKusqvZZ6+jA1O51Ibt8ZMRNkDZdyAyK4YfbDwa/cEmuztzG5pk6hqlp9aSBPYcjOlktquahGwGeA==
